// !$*UTF8*$!
{
	archiveVersion = 1;
	classes = {
	};
	objectVersion = 46;
	objects = {

/* Begin PBXBuildFile section */
		7550FA2F16FE99520027B580 /* UIKit.framework in Frameworks */ = {isa = PBXBuildFile; fileRef = 7550FA2E16FE99520027B580 /* UIKit.framework */; };
		7550FA3116FE99520027B580 /* Foundation.framework in Frameworks */ = {isa = PBXBuildFile; fileRef = 7550FA3016FE99520027B580 /* Foundation.framework */; };
		7550FA3316FE99520027B580 /* CoreGraphics.framework in Frameworks */ = {isa = PBXBuildFile; fileRef = 7550FA3216FE99520027B580 /* CoreGraphics.framework */; };
		7550FA3916FE99520027B580 /* InfoPlist.strings in Resources */ = {isa = PBXBuildFile; fileRef = 7550FA3716FE99520027B580 /* InfoPlist.strings */; };
		7550FA3B16FE99520027B580 /* main.m in Sources */ = {isa = PBXBuildFile; fileRef = 7550FA3A16FE99520027B580 /* main.m */; };
		7550FA4116FE99520027B580 /* Default.png in Resources */ = {isa = PBXBuildFile; fileRef = 7550FA4016FE99520027B580 /* Default.png */; };
		7550FA4316FE99520027B580 /* Default@2x.png in Resources */ = {isa = PBXBuildFile; fileRef = 7550FA4216FE99520027B580 /* Default@2x.png */; };
		7550FA4516FE99520027B580 /* Default-568h@2x.png in Resources */ = {isa = PBXBuildFile; fileRef = 7550FA4416FE99520027B580 /* Default-568h@2x.png */; };
		7550FA6A16FE99B60027B580 /* SongDetial.m in Sources */ = {isa = PBXBuildFile; fileRef = 7550FA4C16FE99B60027B580 /* SongDetial.m */; };
		7550FA6B16FE99B60027B580 /* base64.c in Sources */ = {isa = PBXBuildFile; fileRef = 7550FA4D16FE99B60027B580 /* base64.c */; };
		7550FA6C16FE99B60027B580 /* NSData+SRB64Additions.m in Sources */ = {isa = PBXBuildFile; fileRef = 7550FA5016FE99B60027B580 /* NSData+SRB64Additions.m */; };
		7550FA6D16FE99B60027B580 /* SRWebSocket.m in Sources */ = {isa = PBXBuildFile; fileRef = 7550FA5316FE99B60027B580 /* SRWebSocket.m */; };
		7550FA6E16FE99B60027B580 /* TFHpple.m in Sources */ = {isa = PBXBuildFile; fileRef = 7550FA5516FE99B60027B580 /* TFHpple.m */; };
		7550FA6F16FE99B60027B580 /* TFHppleElement.m in Sources */ = {isa = PBXBuildFile; fileRef = 7550FA5716FE99B60027B580 /* TFHppleElement.m */; };
		7550FA7016FE99B60027B580 /* XPathQuery.m in Sources */ = {isa = PBXBuildFile; fileRef = 7550FA5916FE99B60027B580 /* XPathQuery.m */; };
		7550FA7116FE99B60027B580 /* AppDelegate.m in Sources */ = {isa = PBXBuildFile; fileRef = 7550FA5B16FE99B60027B580 /* AppDelegate.m */; };
		7550FA7216FE99B60027B580 /* MasterViewController.m in Sources */ = {isa = PBXBuildFile; fileRef = 7550FA5D16FE99B60027B580 /* MasterViewController.m */; };
		7550FA7316FE99B60027B580 /* MasterViewController_iPhone.xib in Resources */ = {isa = PBXBuildFile; fileRef = 7550FA5E16FE99B60027B580 /* MasterViewController_iPhone.xib */; };
		7550FA7416FE99B60027B580 /* MasterViewController_iPad.xib in Resources */ = {isa = PBXBuildFile; fileRef = 7550FA5F16FE99B60027B580 /* MasterViewController_iPad.xib */; };
		7550FA7516FE99B60027B580 /* Icon.png in Resources */ = {isa = PBXBuildFile; fileRef = 7550FA6016FE99B60027B580 /* Icon.png */; };
		7550FA7616FE99B60027B580 /* Icon-72.png in Resources */ = {isa = PBXBuildFile; fileRef = 7550FA6116FE99B60027B580 /* Icon-72.png */; };
		7550FA7716FE99B60027B580 /* volume_down.png in Resources */ = {isa = PBXBuildFile; fileRef = 7550FA6216FE99B60027B580 /* volume_down.png */; };
		7550FA7816FE99B60027B580 /* volume_up.png in Resources */ = {isa = PBXBuildFile; fileRef = 7550FA6316FE99B60027B580 /* volume_up.png */; };
		7550FA7916FE99B60027B580 /* forward.png in Resources */ = {isa = PBXBuildFile; fileRef = 7550FA6416FE99B60027B580 /* forward.png */; };
		7550FA7A16FE99B60027B580 /* pause.png in Resources */ = {isa = PBXBuildFile; fileRef = 7550FA6516FE99B60027B580 /* pause.png */; };
		7550FA7B16FE99B60027B580 /* play.png in Resources */ = {isa = PBXBuildFile; fileRef = 7550FA6616FE99B60027B580 /* play.png */; };
		7550FA7C16FE99B60027B580 /* metal_background.jpg in Resources */ = {isa = PBXBuildFile; fileRef = 7550FA6716FE99B60027B580 /* metal_background.jpg */; };
		7550FA7D16FE99B60027B580 /* row_normal.png in Resources */ = {isa = PBXBuildFile; fileRef = 7550FA6816FE99B60027B580 /* row_normal.png */; };
		7550FA7E16FE99B60027B580 /* row_selected.png in Resources */ = {isa = PBXBuildFile; fileRef = 7550FA6916FE99B60027B580 /* row_selected.png */; };
		7550FA8D16FE9AA50027B580 /* CFNetwork.framework in Frameworks */ = {isa = PBXBuildFile; fileRef = 7550FA8C16FE9AA50027B580 /* CFNetwork.framework */; };
		7550FA8F16FE9AAD0027B580 /* Security.framework in Frameworks */ = {isa = PBXBuildFile; fileRef = 7550FA8E16FE9AAD0027B580 /* Security.framework */; };
		7550FA9116FE9AB50027B580 /* libxml2.dylib in Frameworks */ = {isa = PBXBuildFile; fileRef = 7550FA9016FE9AB50027B580 /* libxml2.dylib */; };
		7550FA9316FE9AC30027B580 /* libicucore.dylib in Frameworks */ = {isa = PBXBuildFile; fileRef = 7550FA9216FE9AC30027B580 /* libicucore.dylib */; };
/* End PBXBuildFile section */

/* Begin PBXFileReference section */
		7550FA2B16FE99520027B580 /* MuseQ_0.10.app */ = {isa = PBXFileReference; explicitFileType = wrapper.application; includeInIndex = 0; path = MuseQ_0.10.app; sourceTree = BUILT_PRODUCTS_DIR; };
		7550FA2E16FE99520027B580 /* UIKit.framework */ = {isa = PBXFileReference; lastKnownFileType = wrapper.framework; name = UIKit.framework; path = System/Library/Frameworks/UIKit.framework; sourceTree = SDKROOT; };
		7550FA3016FE99520027B580 /* Foundation.framework */ = {isa = PBXFileReference; lastKnownFileType = wrapper.framework; name = Foundation.framework; path = System/Library/Frameworks/Foundation.framework; sourceTree = SDKROOT; };
		7550FA3216FE99520027B580 /* CoreGraphics.framework */ = {isa = PBXFileReference; lastKnownFileType = wrapper.framework; name = CoreGraphics.framework; path = System/Library/Frameworks/CoreGraphics.framework; sourceTree = SDKROOT; };
		7550FA3616FE99520027B580 /* MuseQ_0.10-Info.plist */ = {isa = PBXFileReference; lastKnownFileType = text.plist.xml; path = "MuseQ_0.10-Info.plist"; sourceTree = "<group>"; };
		7550FA3816FE99520027B580 /* en */ = {isa = PBXFileReference; lastKnownFileType = text.plist.strings; name = en; path = en.lproj/InfoPlist.strings; sourceTree = "<group>"; };
		7550FA3A16FE99520027B580 /* main.m */ = {isa = PBXFileReference; lastKnownFileType = sourcecode.c.objc; path = main.m; sourceTree = "<group>"; };
		7550FA3C16FE99520027B580 /* MuseQ_0.10-Prefix.pch */ = {isa = PBXFileReference; lastKnownFileType = sourcecode.c.h; path = "MuseQ_0.10-Prefix.pch"; sourceTree = "<group>"; };
		7550FA4016FE99520027B580 /* Default.png */ = {isa = PBXFileReference; lastKnownFileType = image.png; path = Default.png; sourceTree = "<group>"; };
		7550FA4216FE99520027B580 /* Default@2x.png */ = {isa = PBXFileReference; lastKnownFileType = image.png; path = "Default@2x.png"; sourceTree = "<group>"; };
		7550FA4416FE99520027B580 /* Default-568h@2x.png */ = {isa = PBXFileReference; lastKnownFileType = image.png; path = "Default-568h@2x.png"; sourceTree = "<group>"; };
		7550FA4B16FE99B60027B580 /* SongDetial.h */ = {isa = PBXFileReference; fileEncoding = 4; lastKnownFileType = sourcecode.c.h; path = SongDetial.h; sourceTree = "<group>"; };
		7550FA4C16FE99B60027B580 /* SongDetial.m */ = {isa = PBXFileReference; fileEncoding = 4; lastKnownFileType = sourcecode.c.objc; path = SongDetial.m; sourceTree = "<group>"; };
		7550FA4D16FE99B60027B580 /* base64.c */ = {isa = PBXFileReference; fileEncoding = 4; lastKnownFileType = sourcecode.c.c; path = base64.c; sourceTree = "<group>"; };
		7550FA4E16FE99B60027B580 /* base64.h */ = {isa = PBXFileReference; fileEncoding = 4; lastKnownFileType = sourcecode.c.h; path = base64.h; sourceTree = "<group>"; };
		7550FA4F16FE99B60027B580 /* NSData+SRB64Additions.h */ = {isa = PBXFileReference; fileEncoding = 4; lastKnownFileType = sourcecode.c.h; path = "NSData+SRB64Additions.h"; sourceTree = "<group>"; };
		7550FA5016FE99B60027B580 /* NSData+SRB64Additions.m */ = {isa = PBXFileReference; fileEncoding = 4; lastKnownFileType = sourcecode.c.objc; path = "NSData+SRB64Additions.m"; sourceTree = "<group>"; };
		7550FA5116FE99B60027B580 /* SocketRocket-Prefix.pch */ = {isa = PBXFileReference; fileEncoding = 4; lastKnownFileType = sourcecode.c.h; path = "SocketRocket-Prefix.pch"; sourceTree = "<group>"; };
		7550FA5216FE99B60027B580 /* SRWebSocket.h */ = {isa = PBXFileReference; fileEncoding = 4; lastKnownFileType = sourcecode.c.h; path = SRWebSocket.h; sourceTree = "<group>"; };
		7550FA5316FE99B60027B580 /* SRWebSocket.m */ = {isa = PBXFileReference; fileEncoding = 4; lastKnownFileType = sourcecode.c.objc; path = SRWebSocket.m; sourceTree = "<group>"; };
		7550FA5416FE99B60027B580 /* TFHpple.h */ = {isa = PBXFileReference; fileEncoding = 4; lastKnownFileType = sourcecode.c.h; path = TFHpple.h; sourceTree = "<group>"; };
		7550FA5516FE99B60027B580 /* TFHpple.m */ = {isa = PBXFileReference; fileEncoding = 4; lastKnownFileType = sourcecode.c.objc; path = TFHpple.m; sourceTree = "<group>"; };
		7550FA5616FE99B60027B580 /* TFHppleElement.h */ = {isa = PBXFileReference; fileEncoding = 4; lastKnownFileType = sourcecode.c.h; path = TFHppleElement.h; sourceTree = "<group>"; };
		7550FA5716FE99B60027B580 /* TFHppleElement.m */ = {isa = PBXFileReference; fileEncoding = 4; lastKnownFileType = sourcecode.c.objc; path = TFHppleElement.m; sourceTree = "<group>"; };
		7550FA5816FE99B60027B580 /* XPathQuery.h */ = {isa = PBXFileReference; fileEncoding = 4; lastKnownFileType = sourcecode.c.h; path = XPathQuery.h; sourceTree = "<group>"; };
		7550FA5916FE99B60027B580 /* XPathQuery.m */ = {isa = PBXFileReference; fileEncoding = 4; lastKnownFileType = sourcecode.c.objc; path = XPathQuery.m; sourceTree = "<group>"; };
		7550FA5A16FE99B60027B580 /* AppDelegate.h */ = {isa = PBXFileReference; fileEncoding = 4; lastKnownFileType = sourcecode.c.h; path = AppDelegate.h; sourceTree = "<group>"; };
		7550FA5B16FE99B60027B580 /* AppDelegate.m */ = {isa = PBXFileReference; fileEncoding = 4; lastKnownFileType = sourcecode.c.objc; path = AppDelegate.m; sourceTree = "<group>"; };
		7550FA5C16FE99B60027B580 /* MasterViewController.h */ = {isa = PBXFileReference; fileEncoding = 4; lastKnownFileType = sourcecode.c.h; path = MasterViewController.h; sourceTree = "<group>"; };
		7550FA5D16FE99B60027B580 /* MasterViewController.m */ = {isa = PBXFileReference; fileEncoding = 4; lastKnownFileType = sourcecode.c.objc; path = MasterViewController.m; sourceTree = "<group>"; };
		7550FA5E16FE99B60027B580 /* MasterViewController_iPhone.xib */ = {isa = PBXFileReference; fileEncoding = 4; lastKnownFileType = file.xib; path = MasterViewController_iPhone.xib; sourceTree = "<group>"; };
		7550FA5F16FE99B60027B580 /* MasterViewController_iPad.xib */ = {isa = PBXFileReference; fileEncoding = 4; lastKnownFileType = file.xib; path = MasterViewController_iPad.xib; sourceTree = "<group>"; };
		7550FA6016FE99B60027B580 /* Icon.png */ = {isa = PBXFileReference; lastKnownFileType = image.png; path = Icon.png; sourceTree = "<group>"; };
		7550FA6116FE99B60027B580 /* Icon-72.png */ = {isa = PBXFileReference; lastKnownFileType = image.png; path = "Icon-72.png"; sourceTree = "<group>"; };
		7550FA6216FE99B60027B580 /* volume_down.png */ = {isa = PBXFileReference; lastKnownFileType = image.png; path = volume_down.png; sourceTree = "<group>"; };
		7550FA6316FE99B60027B580 /* volume_up.png */ = {isa = PBXFileReference; lastKnownFileType = image.png; path = volume_up.png; sourceTree = "<group>"; };
		7550FA6416FE99B60027B580 /* forward.png */ = {isa = PBXFileReference; lastKnownFileType = image.png; path = forward.png; sourceTree = "<group>"; };
		7550FA6516FE99B60027B580 /* pause.png */ = {isa = PBXFileReference; lastKnownFileType = image.png; path = pause.png; sourceTree = "<group>"; };
		7550FA6616FE99B60027B580 /* play.png */ = {isa = PBXFileReference; lastKnownFileType = image.png; path = play.png; sourceTree = "<group>"; };
		7550FA6716FE99B60027B580 /* metal_background.jpg */ = {isa = PBXFileReference; lastKnownFileType = image.jpeg; path = metal_background.jpg; sourceTree = "<group>"; };
		7550FA6816FE99B60027B580 /* row_normal.png */ = {isa = PBXFileReference; lastKnownFileType = image.png; path = row_normal.png; sourceTree = "<group>"; };
		7550FA6916FE99B60027B580 /* row_selected.png */ = {isa = PBXFileReference; lastKnownFileType = image.png; path = row_selected.png; sourceTree = "<group>"; };
		7550FA8316FE9A330027B580 /* WebSocketSite.h */ = {isa = PBXFileReference; fileEncoding = 4; lastKnownFileType = sourcecode.c.h; path = WebSocketSite.h; sourceTree = "<group>"; };
		7550FA8C16FE9AA50027B580 /* CFNetwork.framework */ = {isa = PBXFileReference; lastKnownFileType = wrapper.framework; name = CFNetwork.framework; path = System/Library/Frameworks/CFNetwork.framework; sourceTree = SDKROOT; };
		7550FA8E16FE9AAD0027B580 /* Security.framework */ = {isa = PBXFileReference; lastKnownFileType = wrapper.framework; name = Security.framework; path = System/Library/Frameworks/Security.framework; sourceTree = SDKROOT; };
		7550FA9016FE9AB50027B580 /* libxml2.dylib */ = {isa = PBXFileReference; lastKnownFileType = "compiled.mach-o.dylib"; name = libxml2.dylib; path = usr/lib/libxml2.dylib; sourceTree = SDKROOT; };
		7550FA9216FE9AC30027B580 /* libicucore.dylib */ = {isa = PBXFileReference; lastKnownFileType = "compiled.mach-o.dylib"; name = libicucore.dylib; path = usr/lib/libicucore.dylib; sourceTree = SDKROOT; };
/* End PBXFileReference section */

/* Begin PBXFrameworksBuildPhase section */
		7550FA2816FE99520027B580 /* Frameworks */ = {
			isa = PBXFrameworksBuildPhase;
			buildActionMask = 2147483647;
			files = (
				7550FA9316FE9AC30027B580 /* libicucore.dylib in Frameworks */,
				7550FA9116FE9AB50027B580 /* libxml2.dylib in Frameworks */,
				7550FA8F16FE9AAD0027B580 /* Security.framework in Frameworks */,
				7550FA8D16FE9AA50027B580 /* CFNetwork.framework in Frameworks */,
				7550FA2F16FE99520027B580 /* UIKit.framework in Frameworks */,
				7550FA3116FE99520027B580 /* Foundation.framework in Frameworks */,
				7550FA3316FE99520027B580 /* CoreGraphics.framework in Frameworks */,
			);
			runOnlyForDeploymentPostprocessing = 0;
		};
/* End PBXFrameworksBuildPhase section */

/* Begin PBXGroup section */
		7550FA2216FE99520027B580 = {
			isa = PBXGroup;
			children = (
				7550FA3416FE99520027B580 /* MuseQ_0.10 */,
				7550FA2D16FE99520027B580 /* Frameworks */,
				7550FA2C16FE99520027B580 /* Products */,
			);
			sourceTree = "<group>";
		};
		7550FA2C16FE99520027B580 /* Products */ = {
			isa = PBXGroup;
			children = (
				7550FA2B16FE99520027B580 /* MuseQ_0.10.app */,
			);
			name = Products;
			sourceTree = "<group>";
		};
		7550FA2D16FE99520027B580 /* Frameworks */ = {
			isa = PBXGroup;
			children = (
				7550FA9216FE9AC30027B580 /* libicucore.dylib */,
				7550FA9016FE9AB50027B580 /* libxml2.dylib */,
				7550FA8E16FE9AAD0027B580 /* Security.framework */,
				7550FA8C16FE9AA50027B580 /* CFNetwork.framework */,
				7550FA2E16FE99520027B580 /* UIKit.framework */,
				7550FA3016FE99520027B580 /* Foundation.framework */,
				7550FA3216FE99520027B580 /* CoreGraphics.framework */,
			);
			name = Frameworks;
			sourceTree = "<group>";
		};
		7550FA3416FE99520027B580 /* MuseQ_0.10 */ = {
			isa = PBXGroup;
			children = (
				7550FA7F16FE99BB0027B580 /* Model */,
				7550FA8016FE99DC0027B580 /* WebSocket */,
				7550FA8116FE99EA0027B580 /* XMLParser */,
				7550FA5A16FE99B60027B580 /* AppDelegate.h */,
				7550FA5B16FE99B60027B580 /* AppDelegate.m */,
				7550FA5C16FE99B60027B580 /* MasterViewController.h */,
				7550FA5D16FE99B60027B580 /* MasterViewController.m */,
				7550FA5E16FE99B60027B580 /* MasterViewController_iPhone.xib */,
				7550FA5F16FE99B60027B580 /* MasterViewController_iPad.xib */,
				7550FA8216FE9A040027B580 /* Pics */,
				7550FA3516FE99520027B580 /* Supporting Files */,
			);
			path = MuseQ_0.10;
			sourceTree = "<group>";
		};
		7550FA3516FE99520027B580 /* Supporting Files */ = {
			isa = PBXGroup;
			children = (
				7550FA8316FE9A330027B580 /* WebSocketSite.h */,
				7550FA3616FE99520027B580 /* MuseQ_0.10-Info.plist */,
				7550FA3716FE99520027B580 /* InfoPlist.strings */,
				7550FA3A16FE99520027B580 /* main.m */,
				7550FA3C16FE99520027B580 /* MuseQ_0.10-Prefix.pch */,
				7550FA4016FE99520027B580 /* Default.png */,
				7550FA4216FE99520027B580 /* Default@2x.png */,
				7550FA4416FE99520027B580 /* Default-568h@2x.png */,
			);
			name = "Supporting Files";
			sourceTree = "<group>";
		};
		7550FA7F16FE99BB0027B580 /* Model */ = {
			isa = PBXGroup;
			children = (
				7550FA4B16FE99B60027B580 /* SongDetial.h */,
				7550FA4C16FE99B60027B580 /* SongDetial.m */,
			);
			name = Model;
			sourceTree = "<group>";
		};
		7550FA8016FE99DC0027B580 /* WebSocket */ = {
			isa = PBXGroup;
			children = (
				7550FA4D16FE99B60027B580 /* base64.c */,
				7550FA4E16FE99B60027B580 /* base64.h */,
				7550FA4F16FE99B60027B580 /* NSData+SRB64Additions.h */,
				7550FA5016FE99B60027B580 /* NSData+SRB64Additions.m */,
				7550FA5116FE99B60027B580 /* SocketRocket-Prefix.pch */,
				7550FA5216FE99B60027B580 /* SRWebSocket.h */,
				7550FA5316FE99B60027B580 /* SRWebSocket.m */,
			);
			name = WebSocket;
			sourceTree = "<group>";
		};
		7550FA8116FE99EA0027B580 /* XMLParser */ = {
			isa = PBXGroup;
			children = (
				7550FA5416FE99B60027B580 /* TFHpple.h */,
				7550FA5516FE99B60027B580 /* TFHpple.m */,
				7550FA5616FE99B60027B580 /* TFHppleElement.h */,
				7550FA5716FE99B60027B580 /* TFHppleElement.m */,
				7550FA5816FE99B60027B580 /* XPathQuery.h */,
				7550FA5916FE99B60027B580 /* XPathQuery.m */,
			);
			name = XMLParser;
			sourceTree = "<group>";
		};
		7550FA8216FE9A040027B580 /* Pics */ = {
			isa = PBXGroup;
			children = (
				7550FA6016FE99B60027B580 /* Icon.png */,
				7550FA6116FE99B60027B580 /* Icon-72.png */,
				7550FA6216FE99B60027B580 /* volume_down.png */,
				7550FA6316FE99B60027B580 /* volume_up.png */,
				7550FA6416FE99B60027B580 /* forward.png */,
				7550FA6516FE99B60027B580 /* pause.png */,
				7550FA6616FE99B60027B580 /* play.png */,
				7550FA6716FE99B60027B580 /* metal_background.jpg */,
				7550FA6816FE99B60027B580 /* row_normal.png */,
				7550FA6916FE99B60027B580 /* row_selected.png */,
			);
			name = Pics;
			sourceTree = "<group>";
		};
/* End PBXGroup section */

/* Begin PBXNativeTarget section */
		7550FA2A16FE99520027B580 /* MuseQ_0.10 */ = {
			isa = PBXNativeTarget;
			buildConfigurationList = 7550FA4816FE99520027B580 /* Build configuration list for PBXNativeTarget "MuseQ_0.10" */;
			buildPhases = (
				7550FA2716FE99520027B580 /* Sources */,
				7550FA2816FE99520027B580 /* Frameworks */,
				7550FA2916FE99520027B580 /* Resources */,
			);
			buildRules = (
			);
			dependencies = (
			);
			name = MuseQ_0.10;
			productName = MuseQ_0.10;
			productReference = 7550FA2B16FE99520027B580 /* MuseQ_0.10.app */;
			productType = "com.apple.product-type.application";
		};
/* End PBXNativeTarget section */

/* Begin PBXProject section */
		7550FA2316FE99520027B580 /* Project object */ = {
			isa = PBXProject;
			attributes = {
				LastUpgradeCheck = 0460;
				ORGANIZATIONNAME = Xinyun;
			};
			buildConfigurationList = 7550FA2616FE99520027B580 /* Build configuration list for PBXProject "MuseQ_0.10" */;
			compatibilityVersion = "Xcode 3.2";
			developmentRegion = English;
			hasScannedForEncodings = 0;
			knownRegions = (
				en,
			);
			mainGroup = 7550FA2216FE99520027B580;
			productRefGroup = 7550FA2C16FE99520027B580 /* Products */;
			projectDirPath = "";
			projectRoot = "";
			targets = (
				7550FA2A16FE99520027B580 /* MuseQ_0.10 */,
			);
		};
/* End PBXProject section */

/* Begin PBXResourcesBuildPhase section */
		7550FA2916FE99520027B580 /* Resources */ = {
			isa = PBXResourcesBuildPhase;
			buildActionMask = 2147483647;
			files = (
				7550FA3916FE99520027B580 /* InfoPlist.strings in Resources */,
				7550FA4116FE99520027B580 /* Default.png in Resources */,
				7550FA4316FE99520027B580 /* Default@2x.png in Resources */,
				7550FA4516FE99520027B580 /* Default-568h@2x.png in Resources */,
				7550FA7316FE99B60027B580 /* MasterViewController_iPhone.xib in Resources */,
				7550FA7416FE99B60027B580 /* MasterViewController_iPad.xib in Resources */,
				7550FA7516FE99B60027B580 /* Icon.png in Resources */,
				7550FA7616FE99B60027B580 /* Icon-72.png in Resources */,
				7550FA7716FE99B60027B580 /* volume_down.png in Resources */,
				7550FA7816FE99B60027B580 /* volume_up.png in Resources */,
				7550FA7916FE99B60027B580 /* forward.png in Resources */,
				7550FA7A16FE99B60027B580 /* pause.png in Resources */,
				7550FA7B16FE99B60027B580 /* play.png in Resources */,
				7550FA7C16FE99B60027B580 /* metal_background.jpg in Resources */,
				7550FA7D16FE99B60027B580 /* row_normal.png in Resources */,
				7550FA7E16FE99B60027B580 /* row_selected.png in Resources */,
			);
			runOnlyForDeploymentPostprocessing = 0;
		};
/* End PBXResourcesBuildPhase section */

/* Begin PBXSourcesBuildPhase section */
		7550FA2716FE99520027B580 /* Sources */ = {
			isa = PBXSourcesBuildPhase;
			buildActionMask = 2147483647;
			files = (
				7550FA3B16FE99520027B580 /* main.m in Sources */,
				7550FA6A16FE99B60027B580 /* SongDetial.m in Sources */,
				7550FA6B16FE99B60027B580 /* base64.c in Sources */,
				7550FA6C16FE99B60027B580 /* NSData+SRB64Additions.m in Sources */,
				7550FA6D16FE99B60027B580 /* SRWebSocket.m in Sources */,
				7550FA6E16FE99B60027B580 /* TFHpple.m in Sources */,
				7550FA6F16FE99B60027B580 /* TFHppleElement.m in Sources */,
				7550FA7016FE99B60027B580 /* XPathQuery.m in Sources */,
				7550FA7116FE99B60027B580 /* AppDelegate.m in Sources */,
				7550FA7216FE99B60027B580 /* MasterViewController.m in Sources */,
			);
			runOnlyForDeploymentPostprocessing = 0;
		};
/* End PBXSourcesBuildPhase section */

/* Begin PBXVariantGroup section */
		7550FA3716FE99520027B580 /* InfoPlist.strings */ = {
			isa = PBXVariantGroup;
			children = (
				7550FA3816FE99520027B580 /* en */,
			);
			name = InfoPlist.strings;
			sourceTree = "<group>";
		};
/* End PBXVariantGroup section */

/* Begin XCBuildConfiguration section */
		7550FA4616FE99520027B580 /* Debug */ = {
			isa = XCBuildConfiguration;
			buildSettings = {
				ALWAYS_SEARCH_USER_PATHS = NO;
				CLANG_CXX_LANGUAGE_STANDARD = "gnu++0x";
				CLANG_CXX_LIBRARY = "libc++";
				CLANG_ENABLE_OBJC_ARC = YES;
				CLANG_WARN_CONSTANT_CONVERSION = YES;
				CLANG_WARN_EMPTY_BODY = YES;
				CLANG_WARN_ENUM_CONVERSION = YES;
				CLANG_WARN_INT_CONVERSION = YES;
				CLANG_WARN__DUPLICATE_METHOD_MATCH = YES;
				"CODE_SIGN_IDENTITY[sdk=iphoneos*]" = "iPhone Developer";
				COPY_PHASE_STRIP = NO;
				GCC_C_LANGUAGE_STANDARD = gnu99;
				GCC_DYNAMIC_NO_PIC = NO;
				GCC_OPTIMIZATION_LEVEL = 0;
				GCC_PREPROCESSOR_DEFINITIONS = (
					"DEBUG=1",
					"$(inherited)",
				);
				GCC_SYMBOLS_PRIVATE_EXTERN = NO;
				GCC_WARN_ABOUT_RETURN_TYPE = YES;
				GCC_WARN_UNINITIALIZED_AUTOS = YES;
				GCC_WARN_UNUSED_VARIABLE = YES;
				IPHONEOS_DEPLOYMENT_TARGET = 6.1;
				ONLY_ACTIVE_ARCH = YES;
				SDKROOT = iphoneos;
				TARGETED_DEVICE_FAMILY = "1,2";
			};
			name = Debug;
		};
		7550FA4716FE99520027B580 /* Release */ = {
			isa = XCBuildConfiguration;
			buildSettings = {
				ALWAYS_SEARCH_USER_PATHS = NO;
				CLANG_CXX_LANGUAGE_STANDARD = "gnu++0x";
				CLANG_CXX_LIBRARY = "libc++";
				CLANG_ENABLE_OBJC_ARC = YES;
				CLANG_WARN_CONSTANT_CONVERSION = YES;
				CLANG_WARN_EMPTY_BODY = YES;
				CLANG_WARN_ENUM_CONVERSION = YES;
				CLANG_WARN_INT_CONVERSION = YES;
				CLANG_WARN__DUPLICATE_METHOD_MATCH = YES;
				"CODE_SIGN_IDENTITY[sdk=iphoneos*]" = "iPhone Developer";
				COPY_PHASE_STRIP = YES;
				GCC_C_LANGUAGE_STANDARD = gnu99;
				GCC_WARN_ABOUT_RETURN_TYPE = YES;
				GCC_WARN_UNINITIALIZED_AUTOS = YES;
				GCC_WARN_UNUSED_VARIABLE = YES;
				IPHONEOS_DEPLOYMENT_TARGET = 6.1;
				OTHER_CFLAGS = "-DNS_BLOCK_ASSERTIONS=1";
				SDKROOT = iphoneos;
				TARGETED_DEVICE_FAMILY = "1,2";
				VALIDATE_PRODUCT = YES;
			};
			name = Release;
		};
		7550FA4916FE99520027B580 /* Debug */ = {
			isa = XCBuildConfiguration;
			buildSettings = {
				FRAMEWORK_SEARCH_PATHS = (
					"$(inherited)",
					"\"$(SRCROOT)\"",
				);
				GCC_PRECOMPILE_PREFIX_HEADER = YES;
				GCC_PREFIX_HEADER = "MuseQ_0.10/MuseQ_0.10-Prefix.pch";
				HEADER_SEARCH_PATHS = "$(SDKROOT)/usr/include/libxml2";
				INFOPLIST_FILE = "MuseQ_0.10/MuseQ_0.10-Info.plist";
				PRODUCT_NAME = "$(TARGET_NAME)";
				WRAPPER_EXTENSION = app;
			};
			name = Debug;
		};
		7550FA4A16FE99520027B580 /* Release */ = {
			isa = XCBuildConfiguration;
			buildSettings = {
				FRAMEWORK_SEARCH_PATHS = (
					"$(inherited)",
					"\"$(SRCROOT)\"",
				);
				GCC_PRECOMPILE_PREFIX_HEADER = YES;
				GCC_PREFIX_HEADER = "MuseQ_0.10/MuseQ_0.10-Prefix.pch";
				HEADER_SEARCH_PATHS = "$(SDKROOT)/usr/include/libxml2";
				INFOPLIST_FILE = "MuseQ_0.10/MuseQ_0.10-Info.plist";
				PRODUCT_NAME = "$(TARGET_NAME)";
				WRAPPER_EXTENSION = app;
			};
			name = Release;
		};
/* End XCBuildConfiguration section */

/* Begin XCConfigurationList section */
		7550FA2616FE99520027B580 /* Build configuration list for PBXProject "MuseQ_0.10" */ = {
			isa = XCConfigurationList;
			buildConfigurations = (
				7550FA4616FE99520027B580 /* Debug */,
				7550FA4716FE99520027B580 /* Release */,
			);
			defaultConfigurationIsVisible = 0;
			defaultConfigurationName = Release;
		};
		7550FA4816FE99520027B580 /* Build configuration list for PBXNativeTarget "MuseQ_0.10" */ = {
			isa = XCConfigurationList;
			buildConfigurations = (
				7550FA4916FE99520027B580 /* Debug */,
				7550FA4A16FE99520027B580 /* Release */,
			);
			defaultConfigurationIsVisible = 0;
		};
/* End XCConfigurationList section */
	};
	rootObject = 7550FA2316FE99520027B580 /* Project object */;
}
